// !$*UTF8*$!
{
	archiveVersion = 1;
	classes = {
	};
	objectVersion = 48;
	objects = {

/* Begin PBXBuildFile section */
		3995AC43200CAF1600246742 /* AppDelegate.swift in Sources */ = {isa = PBXBuildFile; fileRef = 3995AC42200CAF1600246742 /* AppDelegate.swift */; };
		3995AC45200CAF1600246742 /* ViewController.swift in Sources */ = {isa = PBXBuildFile; fileRef = 3995AC44200CAF1600246742 /* ViewController.swift */; };
		3995AC48200CAF1600246742 /* Main.storyboard in Resources */ = {isa = PBXBuildFile; fileRef = 3995AC46200CAF1600246742 /* Main.storyboard */; };
		3995AC4A200CAF1600246742 /* Assets.xcassets in Resources */ = {isa = PBXBuildFile; fileRef = 3995AC49200CAF1600246742 /* Assets.xcassets */; };
		3995AC4D200CAF1600246742 /* LaunchScreen.storyboard in Resources */ = {isa = PBXBuildFile; fileRef = 3995AC4B200CAF1600246742 /* LaunchScreen.storyboard */; };
		3995AC56200CB0DF00246742 /* Default-568h@2x.png in Resources */ = {isa = PBXBuildFile; fileRef = 3995AC55200CB0DF00246742 /* Default-568h@2x.png */; };
		3995AC58200CB12900246742 /* Info.plist in Resources */ = {isa = PBXBuildFile; fileRef = 3995AC57200CB12900246742 /* Info.plist */; };
		3995AC5A200CB18000246742 /* Karte.swift in Sources */ = {isa = PBXBuildFile; fileRef = 3995AC59200CB18000246742 /* Karte.swift */; };
		3995AC5C200CB38400246742 /* Concentration.swift in Sources */ = {isa = PBXBuildFile; fileRef = 3995AC5B200CB38400246742 /* Concentration.swift */; };
/* End PBXBuildFile section */

/* Begin PBXFileReference section */
		3995AC3F200CAF1600246742 /* conZumUeben.app */ = {isa = PBXFileReference; explicitFileType = wrapper.application; includeInIndex = 0; path = conZumUeben.app; sourceTree = BUILT_PRODUCTS_DIR; };
		3995AC42200CAF1600246742 /* AppDelegate.swift */ = {isa = PBXFileReference; lastKnownFileType = sourcecode.swift; path = AppDelegate.swift; sourceTree = "<group>"; };
		3995AC44200CAF1600246742 /* ViewController.swift */ = {isa = PBXFileReference; lastKnownFileType = sourcecode.swift; path = ViewController.swift; sourceTree = "<group>"; };
		3995AC47200CAF1600246742 /* Base */ = {isa = PBXFileReference; lastKnownFileType = file.storyboard; name = Base; path = Base.lproj/Main.storyboard; sourceTree = "<group>"; };
		3995AC49200CAF1600246742 /* Assets.xcassets */ = {isa = PBXFileReference; lastKnownFileType = folder.assetcatalog; path = Assets.xcassets; sourceTree = "<group>"; };
		3995AC4C200CAF1600246742 /* Base */ = {isa = PBXFileReference; lastKnownFileType = file.storyboard; name = Base; path = Base.lproj/LaunchScreen.storyboard; sourceTree = "<group>"; };
		3995AC4E200CAF1600246742 /* Info.plist */ = {isa = PBXFileReference; lastKnownFileType = text.plist.xml; path = Info.plist; sourceTree = "<group>"; };
		3995AC55200CB0DF00246742 /* Default-568h@2x.png */ = {isa = PBXFileReference; lastKnownFileType = image.png; path = "Default-568h@2x.png"; sourceTree = "<group>"; };
		3995AC57200CB12900246742 /* Info.plist */ = {isa = PBXFileReference; fileEncoding = 4; lastKnownFileType = text.plist.xml; name = Info.plist; path = conZumUeben/Info.plist; sourceTree = SOURCE_ROOT; };
		3995AC59200CB18000246742 /* Karte.swift */ = {isa = PBXFileReference; lastKnownFileType = sourcecode.swift; path = Karte.swift; sourceTree = "<group>"; };
		3995AC5B200CB38400246742 /* Concentration.swift */ = {isa = PBXFileReference; lastKnownFileType = sourcecode.swift; path = Concentration.swift; sourceTree = "<group>"; };
/* End PBXFileReference section */

/* Begin PBXFrameworksBuildPhase section */
		3995AC3C200CAF1600246742 /* Frameworks */ = {
			isa = PBXFrameworksBuildPhase;
			buildActionMask = 2147483647;
			files = (
			);
			runOnlyForDeploymentPostprocessing = 0;
		};
/* End PBXFrameworksBuildPhase section */

/* Begin PBXGroup section */
		3995AC36200CAF1600246742 = {
			isa = PBXGroup;
			children = (
				3995AC55200CB0DF00246742 /* Default-568h@2x.png */,
				3995AC41200CAF1600246742 /* conZumUeben */,
				3995AC40200CAF1600246742 /* Products */,
			);
			sourceTree = "<group>";
		};
		3995AC40200CAF1600246742 /* Products */ = {
			isa = PBXGroup;
			children = (
				3995AC3F200CAF1600246742 /* conZumUeben.app */,
			);
			name = Products;
			sourceTree = "<group>";
		};
		3995AC41200CAF1600246742 /* conZumUeben */ = {
			isa = PBXGroup;
			children = (
				3995AC5B200CB38400246742 /* Concentration.swift */,
				3995AC59200CB18000246742 /* Karte.swift */,
				3995AC57200CB12900246742 /* Info.plist */,
				3995AC54200CAF2C00246742 /* Hilfsfunktionen */,
				3995AC44200CAF1600246742 /* ViewController.swift */,
				3995AC46200CAF1600246742 /* Main.storyboard */,
			);
			path = conZumUeben;
			sourceTree = "<group>";
		};
		3995AC54200CAF2C00246742 /* Hilfsfunktionen */ = {
			isa = PBXGroup;
			children = (
				3995AC42200CAF1600246742 /* AppDelegate.swift */,
				3995AC49200CAF1600246742 /* Assets.xcassets */,
				3995AC4B200CAF1600246742 /* LaunchScreen.storyboard */,
				3995AC4E200CAF1600246742 /* Info.plist */,
			);
			path = Hilfsfunktionen;
			sourceTree = "<group>";
		};
/* End PBXGroup section */

/* Begin PBXNativeTarget section */
		3995AC3E200CAF1600246742 /* conZumUeben */ = {
			isa = PBXNativeTarget;
			buildConfigurationList = 3995AC51200CAF1600246742 /* Build configuration list for PBXNativeTarget "conZumUeben" */;
			buildPhases = (
				3995AC3B200CAF1600246742 /* Sources */,
				3995AC3C200CAF1600246742 /* Frameworks */,
				3995AC3D200CAF1600246742 /* Resources */,
			);
			buildRules = (
			);
			dependencies = (
			);
			name = conZumUeben;
			productName = conZumUeben;
			productReference = 3995AC3F200CAF1600246742 /* conZumUeben.app */;
			productType = "com.apple.product-type.application";
		};
/* End PBXNativeTarget section */

/* Begin PBXProject section */
		3995AC37200CAF1600246742 /* Project object */ = {
			isa = PBXProject;
			attributes = {
				LastSwiftUpdateCheck = 0920;
				LastUpgradeCheck = 0920;
				ORGANIZATIONNAME = "Kilian Erdmann";
				TargetAttributes = {
					3995AC3E200CAF1600246742 = {
						CreatedOnToolsVersion = 9.2;
						ProvisioningStyle = Automatic;
					};
				};
			};
			buildConfigurationList = 3995AC3A200CAF1600246742 /* Build configuration list for PBXProject "conZumUeben" */;
			compatibilityVersion = "Xcode 8.0";
			developmentRegion = en;
			hasScannedForEncodings = 0;
			knownRegions = (
				en,
				Base,
			);
			mainGroup = 3995AC36200CAF1600246742;
			productRefGroup = 3995AC40200CAF1600246742 /* Products */;
			projectDirPath = "";
			projectRoot = "";
			targets = (
				3995AC3E200CAF1600246742 /* conZumUeben */,
			);
		};
/* End PBXProject section */

/* Begin PBXResourcesBuildPhase section */
		3995AC3D200CAF1600246742 /* Resources */ = {
			isa = PBXResourcesBuildPhase;
			buildActionMask = 2147483647;
			files = (
				3995AC4D200CAF1600246742 /* LaunchScreen.storyboard in Resources */,
				3995AC56200CB0DF00246742 /* Default-568h@2x.png in Resources */,
				3995AC4A200CAF1600246742 /* Assets.xcassets in Resources */,
				3995AC58200CB12900246742 /* Info.plist in Resources */,
				3995AC48200CAF1600246742 /* Main.storyboard in Resources */,
			);
			runOnlyForDeploymentPostprocessing = 0;
		};
/* End PBXResourcesBuildPhase section */

/* Begin PBXSourcesBuildPhase section */
		3995AC3B200CAF1600246742 /* Sources */ = {
			isa = PBXSourcesBuildPhase;
			buildActionMask = 2147483647;
			files = (
				3995AC45200CAF1600246742 /* ViewController.swift in Sources */,
				3995AC5C200CB38400246742 /* Concentration.swift in Sources */,
				3995AC43200CAF1600246742 /* AppDelegate.swift in Sources */,
				3995AC5A200CB18000246742 /* Karte.swift in Sources */,
			);
			runOnlyForDeploymentPostprocessing = 0;
		};
/* End PBXSourcesBuildPhase section */

/* Begin PBXVariantGroup section */
		3995AC46200CAF1600246742 /* Main.storyboard */ = {
			isa = PBXVariantGroup;
			children = (
				3995AC47200CAF1600246742 /* Base */,
			);
			name = Main.storyboard;
			sourceTree = "<group>";
		};
		3995AC4B200CAF1600246742 /* LaunchScreen.storyboard */ = {
			isa = PBXVariantGroup;
			children = (
				3995AC4C200CAF1600246742 /* Base */,
			);
			name = LaunchScreen.storyboard;
			sourceTree = "<group>";
		};
/* End PBXVariantGroup section */

/* Begin XCBuildConfiguration section */
		3995AC4F200CAF1600246742 /* Debug */ = {
			isa = XCBuildConfiguration;
			buildSettings = {
				ALWAYS_SEARCH_USER_PATHS = NO;
				CLANG_ANALYZER_NONNULL = YES;
				CLANG_ANALYZER_NUMBER_OBJECT_CONVERSION = YES_AGGRESSIVE;
				CLANG_CXX_LANGUAGE_STANDARD = "gnu++14";
				CLANG_CXX_LIBRARY = "libc++";
				CLANG_ENABLE_MODULES = YES;
				CLANG_ENABLE_OBJC_ARC = YES;
				CLANG_WARN_BLOCK_CAPTURE_AUTORELEASING = YES;
				CLANG_WARN_BOOL_CONVERSION = YES;
				CLANG_WARN_COMMA = YES;
				CLANG_WARN_CONSTANT_CONVERSION = YES;
				CLANG_WARN_DIRECT_OBJC_ISA_USAGE = YES_ERROR;
				CLANG_WARN_DOCUMENTATION_COMMENTS = YES;
				CLANG_WARN_EMPTY_BODY = YES;
				CLANG_WARN_ENUM_CONVERSION = YES;
				CLANG_WARN_INFINITE_RECURSION = YES;
				CLANG_WARN_INT_CONVERSION = YES;
				CLANG_WARN_NON_LITERAL_NULL_CONVERSION = YES;
				CLANG_WARN_OBJC_LITERAL_CONVERSION = YES;
				CLANG_WARN_OBJC_ROOT_CLASS = YES_ERROR;
				CLANG_WARN_RANGE_LOOP_ANALYSIS = YES;
				CLANG_WARN_STRICT_PROTOTYPES = YES;
				CLANG_WARN_SUSPICIOUS_MOVE = YES;
				CLANG_WARN_UNGUARDED_AVAILABILITY = YES_AGGRESSIVE;
				CLANG_WARN_UNREACHABLE_CODE = YES;
				CLANG_WARN__DUPLICATE_METHOD_MATCH = YES;
				CODE_SIGN_IDENTITY = "iPhone Developer";
				COPY_PHASE_STRIP = NO;
				DEBUG_INFORMATION_FORMAT = dwarf;
				ENABLE_STRICT_OBJC_MSGSEND = YES;
				ENABLE_TESTABILITY = YES;
				GCC_C_LANGUAGE_STANDARD = gnu11;
				GCC_DYNAMIC_NO_PIC = NO;
				GCC_NO_COMMON_BLOCKS = YES;
				GCC_OPTIMIZATION_LEVEL = 0;
				GCC_PREPROCESSOR_DEFINITIONS = (
					"DEBUG=1",
					"$(inherited)",
				);
				GCC_WARN_64_TO_32_BIT_CONVERSION = YES;
				GCC_WARN_ABOUT_RETURN_TYPE = YES_ERROR;
				GCC_WARN_UNDECLARED_SELECTOR = YES;
				GCC_WARN_UNINITIALIZED_AUTOS = YES_AGGRESSIVE;
				GCC_WARN_UNUSED_FUNCTION = YES;
				GCC_WARN_UNUSED_VARIABLE = YES;
				IPHONEOS_DEPLOYMENT_TARGET = 11.2;
				MTL_ENABLE_DEBUG_INFO = YES;
				ONLY_ACTIVE_ARCH = YES;
				SDKROOT = iphoneos;
				SWIFT_ACTIVE_COMPILATION_CONDITIONS = DEBUG;
				SWIFT_OPTIMIZATION_LEVEL = "-Onone";
			};
			name = Debug;
		};
		3995AC50200CAF1600246742 /* Release */ = {
			isa = XCBuildConfiguration;
			buildSettings = {
				ALWAYS_SEARCH_USER_PATHS = NO;
				CLANG_ANALYZER_NONNULL = YES;
				CLANG_ANALYZER_NUMBER_OBJECT_CONVERSION = YES_AGGRESSIVE;
				CLANG_CXX_LANGUAGE_STANDARD = "gnu++14";
				CLANG_CXX_LIBRARY = "libc++";
				CLANG_ENABLE_MODULES = YES;
				CLANG_ENABLE_OBJC_ARC = YES;
				CLANG_WARN_BLOCK_CAPTURE_AUTORELEASING = YES;
				CLANG_WARN_BOOL_CONVERSION = YES;
				CLANG_WARN_COMMA = YES;
				CLANG_WARN_CONSTANT_CONVERSION = YES;
				CLANG_WARN_DIRECT_OBJC_ISA_USAGE = YES_ERROR;
				CLANG_WARN_DOCUMENTATION_COMMENTS = YES;
				CLANG_WARN_EMPTY_BODY = YES;
				CLANG_WARN_ENUM_CONVERSION = YES;
				CLANG_WARN_INFINITE_RECURSION = YES;
				CLANG_WARN_INT_CONVERSION = YES;
				CLANG_WARN_NON_LITERAL_NULL_CONVERSION = YES;
				CLANG_WARN_OBJC_LITERAL_CONVERSION = YES;
				CLANG_WARN_OBJC_ROOT_CLASS = YES_ERROR;
				CLANG_WARN_RANGE_LOOP_ANALYSIS = YES;
				CLANG_WARN_STRICT_PROTOTYPES = YES;
				CLANG_WARN_SUSPICIOUS_MOVE = YES;
				CLANG_WARN_UNGUARDED_AVAILABILITY = YES_AGGRESSIVE;
				CLANG_WARN_UNREACHABLE_CODE = YES;
				CLANG_WARN__DUPLICATE_METHOD_MATCH = YES;
				CODE_SIGN_IDENTITY = "iPhone Developer";
				COPY_PHASE_STRIP = NO;
				DEBUG_INFORMATION_FORMAT = "dwarf-with-dsym";
				ENABLE_NS_ASSERTIONS = NO;
				ENABLE_STRICT_OBJC_MSGSEND = YES;
				GCC_C_LANGUAGE_STANDARD = gnu11;
				GCC_NO_COMMON_BLOCKS = YES;
				GCC_WARN_64_TO_32_BIT_CONVERSION = YES;
				GCC_WARN_ABOUT_RETURN_TYPE = YES_ERROR;
				GCC_WARN_UNDECLARED_SELECTOR = YES;
				GCC_WARN_UNINITIALIZED_AUTOS = YES_AGGRESSIVE;
				GCC_WARN_UNUSED_FUNCTION = YES;
				GCC_WARN_UNUSED_VARIABLE = YES;
				IPHONEOS_DEPLOYMENT_TARGET = 11.2;
				MTL_ENABLE_DEBUG_INFO = NO;
				SDKROOT = iphoneos;
				SWIFT_OPTIMIZATION_LEVEL = "-Owholemodule";
				VALIDATE_PRODUCT = YES;
			};
			name = Release;
		};
		3995AC52200CAF1600246742 /* Debug */ = {
			isa = XCBuildConfiguration;
			buildSettings = {
				ASSETCATALOG_COMPILER_APPICON_NAME = AppIcon;
				CODE_SIGN_STYLE = Automatic;
				DEVELOPMENT_TEAM = 7KE29H3NJW;
				INFOPLIST_FILE = conZumUeben/Info.plist;
				LD_RUNPATH_SEARCH_PATHS = "$(inherited) @executable_path/Frameworks";
				PRODUCT_BUNDLE_IDENTIFIER = kilis.conZumUeben;
				PRODUCT_NAME = "$(TARGET_NAME)";
				SWIFT_VERSION = 4.0;
				TARGETED_DEVICE_FAMILY = "1,2";
			};
			name = Debug;
		};
		3995AC53200CAF1600246742 /* Release */ = {
			isa = XCBuildConfiguration;
			buildSettings = {
				ASSETCATALOG_COMPILER_APPICON_NAME = AppIcon;
				CODE_SIGN_STYLE = Automatic;
				DEVELOPMENT_TEAM = 7KE29H3NJW;
				INFOPLIST_FILE = conZumUeben/Info.plist;
				LD_RUNPATH_SEARCH_PATHS = "$(inherited) @executable_path/Frameworks";
				PRODUCT_BUNDLE_IDENTIFIER = kilis.conZumUeben;
				PRODUCT_NAME = "$(TARGET_NAME)";
				SWIFT_VERSION = 4.0;
				TARGETED_DEVICE_FAMILY = "1,2";
			};
			name = Release;
		};
/* End XCBuildConfiguration section */

/* Begin XCConfigurationList section */
		3995AC3A200CAF1600246742 /* Build configuration list for PBXProject "conZumUeben" */ = {
			isa = XCConfigurationList;
			buildConfigurations = (
				3995AC4F200CAF1600246742 /* Debug */,
				3995AC50200CAF1600246742 /* Release */,
			);
			defaultConfigurationIsVisible = 0;
			defaultConfigurationName = Release;
		};
		3995AC51200CAF1600246742 /* Build configuration list for PBXNativeTarget "conZumUeben" */ = {
			isa = XCConfigurationList;
			buildConfigurations = (
				3995AC52200CAF1600246742 /* Debug */,
				3995AC53200CAF1600246742 /* Release */,
			);
			defaultConfigurationIsVisible = 0;
			defaultConfigurationName = Release;
		};
/* End XCConfigurationList section */
	};
	rootObject = 3995AC37200CAF1600246742 /* Project object */;
}
